// !$*UTF8*$!
{
	archiveVersion = 1;
	classes = {
	};
	objectVersion = 55;
	objects = {

/* Begin PBXBuildFile section */
		E189CF7D2A10A3AC0069367E /* AppDelegate.swift in Sources */ = {isa = PBXBuildFile; fileRef = E189CF7C2A10A3AC0069367E /* AppDelegate.swift */; };
		E189CF7F2A10A3AD0069367E /* SceneDelegate.swift in Sources */ = {isa = PBXBuildFile; fileRef = E189CF7E2A10A3AD0069367E /* SceneDelegate.swift */; };
		E189CF812A10A3AD0069367E /* ViewController.swift in Sources */ = {isa = PBXBuildFile; fileRef = E189CF802A10A3AD0069367E /* ViewController.swift */; };
		E189CF842A10A3AD0069367E /* Main.storyboard in Resources */ = {isa = PBXBuildFile; fileRef = E189CF822A10A3AD0069367E /* Main.storyboard */; };
		E189CF862A10A3BC0069367E /* Assets.xcassets in Resources */ = {isa = PBXBuildFile; fileRef = E189CF852A10A3BC0069367E /* Assets.xcassets */; };
		E189CF892A10A3BC0069367E /* LaunchScreen.storyboard in Resources */ = {isa = PBXBuildFile; fileRef = E189CF872A10A3BC0069367E /* LaunchScreen.storyboard */; };
		E189CF942A10A3BE0069367E /* TicTacToeTests.swift in Sources */ = {isa = PBXBuildFile; fileRef = E189CF932A10A3BE0069367E /* TicTacToeTests.swift */; };
		E189CF9E2A10A3BE0069367E /* TicTacToeUITests.swift in Sources */ = {isa = PBXBuildFile; fileRef = E189CF9D2A10A3BE0069367E /* TicTacToeUITests.swift */; };
		E189CFA02A10A3BE0069367E /* TicTacToeUITestsLaunchTests.swift in Sources */ = {isa = PBXBuildFile; fileRef = E189CF9F2A10A3BE0069367E /* TicTacToeUITestsLaunchTests.swift */; };
		E189CFAD2A10A73C0069367E /* TicTacToeViewModel.swift in Sources */ = {isa = PBXBuildFile; fileRef = E189CFAC2A10A73B0069367E /* TicTacToeViewModel.swift */; };
		E1B1242B2A11F4D400405321 /* MockDataViewModel.swift in Sources */ = {isa = PBXBuildFile; fileRef = E1B1242A2A11F4D400405321 /* MockDataViewModel.swift */; };
/* End PBXBuildFile section */

/* Begin PBXContainerItemProxy section */
		E189CF902A10A3BE0069367E /* PBXContainerItemProxy */ = {
			isa = PBXContainerItemProxy;
			containerPortal = E189CF712A10A3AC0069367E /* Project object */;
			proxyType = 1;
			remoteGlobalIDString = E189CF782A10A3AC0069367E;
			remoteInfo = TicTacToe;
		};
		E189CF9A2A10A3BE0069367E /* PBXContainerItemProxy */ = {
			isa = PBXContainerItemProxy;
			containerPortal = E189CF712A10A3AC0069367E /* Project object */;
			proxyType = 1;
			remoteGlobalIDString = E189CF782A10A3AC0069367E;
			remoteInfo = TicTacToe;
		};
/* End PBXContainerItemProxy section */

/* Begin PBXFileReference section */
		E189CF792A10A3AC0069367E /* TicTacToe.app */ = {isa = PBXFileReference; explicitFileType = wrapper.application; includeInIndex = 0; path = TicTacToe.app; sourceTree = BUILT_PRODUCTS_DIR; };
		E189CF7C2A10A3AC0069367E /* AppDelegate.swift */ = {isa = PBXFileReference; lastKnownFileType = sourcecode.swift; path = AppDelegate.swift; sourceTree = "<group>"; };
		E189CF7E2A10A3AD0069367E /* SceneDelegate.swift */ = {isa = PBXFileReference; lastKnownFileType = sourcecode.swift; path = SceneDelegate.swift; sourceTree = "<group>"; };
		E189CF802A10A3AD0069367E /* ViewController.swift */ = {isa = PBXFileReference; lastKnownFileType = sourcecode.swift; path = ViewController.swift; sourceTree = "<group>"; };
		E189CF832A10A3AD0069367E /* Base */ = {isa = PBXFileReference; lastKnownFileType = file.storyboard; name = Base; path = Base.lproj/Main.storyboard; sourceTree = "<group>"; };
		E189CF852A10A3BC0069367E /* Assets.xcassets */ = {isa = PBXFileReference; lastKnownFileType = folder.assetcatalog; path = Assets.xcassets; sourceTree = "<group>"; };
		E189CF882A10A3BC0069367E /* Base */ = {isa = PBXFileReference; lastKnownFileType = file.storyboard; name = Base; path = Base.lproj/LaunchScreen.storyboard; sourceTree = "<group>"; };
		E189CF8A2A10A3BC0069367E /* Info.plist */ = {isa = PBXFileReference; lastKnownFileType = text.plist.xml; path = Info.plist; sourceTree = "<group>"; };
		E189CF8F2A10A3BE0069367E /* TicTacToeTests.xctest */ = {isa = PBXFileReference; explicitFileType = wrapper.cfbundle; includeInIndex = 0; path = TicTacToeTests.xctest; sourceTree = BUILT_PRODUCTS_DIR; };
		E189CF932A10A3BE0069367E /* TicTacToeTests.swift */ = {isa = PBXFileReference; lastKnownFileType = sourcecode.swift; path = TicTacToeTests.swift; sourceTree = "<group>"; };
		E189CF992A10A3BE0069367E /* TicTacToeUITests.xctest */ = {isa = PBXFileReference; explicitFileType = wrapper.cfbundle; includeInIndex = 0; path = TicTacToeUITests.xctest; sourceTree = BUILT_PRODUCTS_DIR; };
		E189CF9D2A10A3BE0069367E /* TicTacToeUITests.swift */ = {isa = PBXFileReference; lastKnownFileType = sourcecode.swift; path = TicTacToeUITests.swift; sourceTree = "<group>"; };
		E189CF9F2A10A3BE0069367E /* TicTacToeUITestsLaunchTests.swift */ = {isa = PBXFileReference; lastKnownFileType = sourcecode.swift; path = TicTacToeUITestsLaunchTests.swift; sourceTree = "<group>"; };
		E189CFAC2A10A73B0069367E /* TicTacToeViewModel.swift */ = {isa = PBXFileReference; lastKnownFileType = sourcecode.swift; path = TicTacToeViewModel.swift; sourceTree = "<group>"; };
		E1B1242A2A11F4D400405321 /* MockDataViewModel.swift */ = {isa = PBXFileReference; lastKnownFileType = sourcecode.swift; path = MockDataViewModel.swift; sourceTree = "<group>"; };
/* End PBXFileReference section */

/* Begin PBXFrameworksBuildPhase section */
		E189CF762A10A3AC0069367E /* Frameworks */ = {
			isa = PBXFrameworksBuildPhase;
			buildActionMask = 2147483647;
			files = (
			);
			runOnlyForDeploymentPostprocessing = 0;
		};
		E189CF8C2A10A3BE0069367E /* Frameworks */ = {
			isa = PBXFrameworksBuildPhase;
			buildActionMask = 2147483647;
			files = (
			);
			runOnlyForDeploymentPostprocessing = 0;
		};
		E189CF962A10A3BE0069367E /* Frameworks */ = {
			isa = PBXFrameworksBuildPhase;
			buildActionMask = 2147483647;
			files = (
			);
			runOnlyForDeploymentPostprocessing = 0;
		};
/* End PBXFrameworksBuildPhase section */

/* Begin PBXGroup section */
		E189CF702A10A3AC0069367E = {
			isa = PBXGroup;
			children = (
				E189CF7B2A10A3AC0069367E /* TicTacToe */,
				E189CF922A10A3BE0069367E /* TicTacToeTests */,
				E189CF9C2A10A3BE0069367E /* TicTacToeUITests */,
				E189CF7A2A10A3AC0069367E /* Products */,
			);
			sourceTree = "<group>";
		};
		E189CF7A2A10A3AC0069367E /* Products */ = {
			isa = PBXGroup;
			children = (
				E189CF792A10A3AC0069367E /* TicTacToe.app */,
				E189CF8F2A10A3BE0069367E /* TicTacToeTests.xctest */,
				E189CF992A10A3BE0069367E /* TicTacToeUITests.xctest */,
			);
			name = Products;
			sourceTree = "<group>";
		};
		E189CF7B2A10A3AC0069367E /* TicTacToe */ = {
			isa = PBXGroup;
			children = (
				E189CF7C2A10A3AC0069367E /* AppDelegate.swift */,
				E189CF7E2A10A3AD0069367E /* SceneDelegate.swift */,
				E1B124282A11F46100405321 /* View */,
				E1B124292A11F47F00405321 /* ViewModel */,
				E189CF822A10A3AD0069367E /* Main.storyboard */,
				E189CF852A10A3BC0069367E /* Assets.xcassets */,
				E189CF872A10A3BC0069367E /* LaunchScreen.storyboard */,
				E189CF8A2A10A3BC0069367E /* Info.plist */,
			);
			path = TicTacToe;
			sourceTree = "<group>";
		};
		E189CF922A10A3BE0069367E /* TicTacToeTests */ = {
			isa = PBXGroup;
			children = (
				E189CF932A10A3BE0069367E /* TicTacToeTests.swift */,
				E1B1242A2A11F4D400405321 /* MockDataViewModel.swift */,
			);
			path = TicTacToeTests;
			sourceTree = "<group>";
		};
		E189CF9C2A10A3BE0069367E /* TicTacToeUITests */ = {
			isa = PBXGroup;
			children = (
				E189CF9D2A10A3BE0069367E /* TicTacToeUITests.swift */,
				E189CF9F2A10A3BE0069367E /* TicTacToeUITestsLaunchTests.swift */,
			);
			path = TicTacToeUITests;
			sourceTree = "<group>";
		};
		E1B124282A11F46100405321 /* View */ = {
			isa = PBXGroup;
			children = (
				E189CF802A10A3AD0069367E /* ViewController.swift */,
			);
			path = View;
			sourceTree = "<group>";
		};
		E1B124292A11F47F00405321 /* ViewModel */ = {
			isa = PBXGroup;
			children = (
				E189CFAC2A10A73B0069367E /* TicTacToeViewModel.swift */,
			);
			path = ViewModel;
			sourceTree = "<group>";
		};
/* End PBXGroup section */

/* Begin PBXNativeTarget section */
		E189CF782A10A3AC0069367E /* TicTacToe */ = {
			isa = PBXNativeTarget;
			buildConfigurationList = E189CFA32A10A3BE0069367E /* Build configuration list for PBXNativeTarget "TicTacToe" */;
			buildPhases = (
				E189CF752A10A3AC0069367E /* Sources */,
				E189CF762A10A3AC0069367E /* Frameworks */,
				E189CF772A10A3AC0069367E /* Resources */,
			);
			buildRules = (
			);
			dependencies = (
			);
			name = TicTacToe;
			productName = TicTacToe;
			productReference = E189CF792A10A3AC0069367E /* TicTacToe.app */;
			productType = "com.apple.product-type.application";
		};
		E189CF8E2A10A3BE0069367E /* TicTacToeTests */ = {
			isa = PBXNativeTarget;
			buildConfigurationList = E189CFA62A10A3BE0069367E /* Build configuration list for PBXNativeTarget "TicTacToeTests" */;
			buildPhases = (
				E189CF8B2A10A3BE0069367E /* Sources */,
				E189CF8C2A10A3BE0069367E /* Frameworks */,
				E189CF8D2A10A3BE0069367E /* Resources */,
			);
			buildRules = (
			);
			dependencies = (
				E189CF912A10A3BE0069367E /* PBXTargetDependency */,
			);
			name = TicTacToeTests;
			productName = TicTacToeTests;
			productReference = E189CF8F2A10A3BE0069367E /* TicTacToeTests.xctest */;
			productType = "com.apple.product-type.bundle.unit-test";
		};
		E189CF982A10A3BE0069367E /* TicTacToeUITests */ = {
			isa = PBXNativeTarget;
			buildConfigurationList = E189CFA92A10A3BE0069367E /* Build configuration list for PBXNativeTarget "TicTacToeUITests" */;
			buildPhases = (
				E189CF952A10A3BE0069367E /* Sources */,
				E189CF962A10A3BE0069367E /* Frameworks */,
				E189CF972A10A3BE0069367E /* Resources */,
			);
			buildRules = (
			);
			dependencies = (
				E189CF9B2A10A3BE0069367E /* PBXTargetDependency */,
			);
			name = TicTacToeUITests;
			productName = TicTacToeUITests;
			productReference = E189CF992A10A3BE0069367E /* TicTacToeUITests.xctest */;
			productType = "com.apple.product-type.bundle.ui-testing";
		};
/* End PBXNativeTarget section */

/* Begin PBXProject section */
		E189CF712A10A3AC0069367E /* Project object */ = {
			isa = PBXProject;
			attributes = {
				BuildIndependentTargetsInParallel = 1;
				LastSwiftUpdateCheck = 1320;
				LastUpgradeCheck = 1320;
				TargetAttributes = {
					E189CF782A10A3AC0069367E = {
						CreatedOnToolsVersion = 13.2;
					};
					E189CF8E2A10A3BE0069367E = {
						CreatedOnToolsVersion = 13.2;
						TestTargetID = E189CF782A10A3AC0069367E;
					};
					E189CF982A10A3BE0069367E = {
						CreatedOnToolsVersion = 13.2;
						TestTargetID = E189CF782A10A3AC0069367E;
					};
				};
			};
			buildConfigurationList = E189CF742A10A3AC0069367E /* Build configuration list for PBXProject "TicTacToe" */;
			compatibilityVersion = "Xcode 13.0";
			developmentRegion = en;
			hasScannedForEncodings = 0;
			knownRegions = (
				en,
				Base,
			);
			mainGroup = E189CF702A10A3AC0069367E;
			productRefGroup = E189CF7A2A10A3AC0069367E /* Products */;
			projectDirPath = "";
			projectRoot = "";
			targets = (
				E189CF782A10A3AC0069367E /* TicTacToe */,
				E189CF8E2A10A3BE0069367E /* TicTacToeTests */,
				E189CF982A10A3BE0069367E /* TicTacToeUITests */,
			);
		};
/* End PBXProject section */

/* Begin PBXResourcesBuildPhase section */
		E189CF772A10A3AC0069367E /* Resources */ = {
			isa = PBXResourcesBuildPhase;
			buildActionMask = 2147483647;
			files = (
				E189CF892A10A3BC0069367E /* LaunchScreen.storyboard in Resources */,
				E189CF862A10A3BC0069367E /* Assets.xcassets in Resources */,
				E189CF842A10A3AD0069367E /* Main.storyboard in Resources */,
			);
			runOnlyForDeploymentPostprocessing = 0;
		};
		E189CF8D2A10A3BE0069367E /* Resources */ = {
			isa = PBXResourcesBuildPhase;
			buildActionMask = 2147483647;
			files = (
			);
			runOnlyForDeploymentPostprocessing = 0;
		};
		E189CF972A10A3BE0069367E /* Resources */ = {
			isa = PBXResourcesBuildPhase;
			buildActionMask = 2147483647;
			files = (
			);
			runOnlyForDeploymentPostprocessing = 0;
		};
/* End PBXResourcesBuildPhase section */

/* Begin PBXSourcesBuildPhase section */
		E189CF752A10A3AC0069367E /* Sources */ = {
			isa = PBXSourcesBuildPhase;
			buildActionMask = 2147483647;
			files = (
				E189CF812A10A3AD0069367E /* ViewController.swift in Sources */,
				E189CF7D2A10A3AC0069367E /* AppDelegate.swift in Sources */,
				E189CF7F2A10A3AD0069367E /* SceneDelegate.swift in Sources */,
				E189CFAD2A10A73C0069367E /* TicTacToeViewModel.swift in Sources */,
			);
			runOnlyForDeploymentPostprocessing = 0;
		};
		E189CF8B2A10A3BE0069367E /* Sources */ = {
			isa = PBXSourcesBuildPhase;
			buildActionMask = 2147483647;
			files = (
				E1B1242B2A11F4D400405321 /* MockDataViewModel.swift in Sources */,
				E189CF942A10A3BE0069367E /* TicTacToeTests.swift in Sources */,
			);
			runOnlyForDeploymentPostprocessing = 0;
		};
		E189CF952A10A3BE0069367E /* Sources */ = {
			isa = PBXSourcesBuildPhase;
			buildActionMask = 2147483647;
			files = (
				E189CF9E2A10A3BE0069367E /* TicTacToeUITests.swift in Sources */,
				E189CFA02A10A3BE0069367E /* TicTacToeUITestsLaunchTests.swift in Sources */,
			);
			runOnlyForDeploymentPostprocessing = 0;
		};
/* End PBXSourcesBuildPhase section */

/* Begin PBXTargetDependency section */
		E189CF912A10A3BE0069367E /* PBXTargetDependency */ = {
			isa = PBXTargetDependency;
			target = E189CF782A10A3AC0069367E /* TicTacToe */;
			targetProxy = E189CF902A10A3BE0069367E /* PBXContainerItemProxy */;
		};
		E189CF9B2A10A3BE0069367E /* PBXTargetDependency */ = {
			isa = PBXTargetDependency;
			target = E189CF782A10A3AC0069367E /* TicTacToe */;
			targetProxy = E189CF9A2A10A3BE0069367E /* PBXContainerItemProxy */;
		};
/* End PBXTargetDependency section */

/* Begin PBXVariantGroup section */
		E189CF822A10A3AD0069367E /* Main.storyboard */ = {
			isa = PBXVariantGroup;
			children = (
				E189CF832A10A3AD0069367E /* Base */,
			);
			name = Main.storyboard;
			sourceTree = "<group>";
		};
		E189CF872A10A3BC0069367E /* LaunchScreen.storyboard */ = {
			isa = PBXVariantGroup;
			children = (
				E189CF882A10A3BC0069367E /* Base */,
			);
			name = LaunchScreen.storyboard;
			sourceTree = "<group>";
		};
/* End PBXVariantGroup section */

/* Begin XCBuildConfiguration section */
		E189CFA12A10A3BE0069367E /* Debug */ = {
			isa = XCBuildConfiguration;
			buildSettings = {
				ALWAYS_SEARCH_USER_PATHS = NO;
				CLANG_ANALYZER_NONNULL = YES;
				CLANG_ANALYZER_NUMBER_OBJECT_CONVERSION = YES_AGGRESSIVE;
				CLANG_CXX_LANGUAGE_STANDARD = "gnu++17";
				CLANG_CXX_LIBRARY = "libc++";
				CLANG_ENABLE_MODULES = YES;
				CLANG_ENABLE_OBJC_ARC = YES;
				CLANG_ENABLE_OBJC_WEAK = YES;
				CLANG_WARN_BLOCK_CAPTURE_AUTORELEASING = YES;
				CLANG_WARN_BOOL_CONVERSION = YES;
				CLANG_WARN_COMMA = YES;
				CLANG_WARN_CONSTANT_CONVERSION = YES;
				CLANG_WARN_DEPRECATED_OBJC_IMPLEMENTATIONS = YES;
				CLANG_WARN_DIRECT_OBJC_ISA_USAGE = YES_ERROR;
				CLANG_WARN_DOCUMENTATION_COMMENTS = YES;
				CLANG_WARN_EMPTY_BODY = YES;
				CLANG_WARN_ENUM_CONVERSION = YES;
				CLANG_WARN_INFINITE_RECURSION = YES;
				CLANG_WARN_INT_CONVERSION = YES;
				CLANG_WARN_NON_LITERAL_NULL_CONVERSION = YES;
				CLANG_WARN_OBJC_IMPLICIT_RETAIN_SELF = YES;
				CLANG_WARN_OBJC_LITERAL_CONVERSION = YES;
				CLANG_WARN_OBJC_ROOT_CLASS = YES_ERROR;
				CLANG_WARN_QUOTED_INCLUDE_IN_FRAMEWORK_HEADER = YES;
				CLANG_WARN_RANGE_LOOP_ANALYSIS = YES;
				CLANG_WARN_STRICT_PROTOTYPES = YES;
				CLANG_WARN_SUSPICIOUS_MOVE = YES;
				CLANG_WARN_UNGUARDED_AVAILABILITY = YES_AGGRESSIVE;
				CLANG_WARN_UNREACHABLE_CODE = YES;
				CLANG_WARN__DUPLICATE_METHOD_MATCH = YES;
				COPY_PHASE_STRIP = NO;
				DEBUG_INFORMATION_FORMAT = dwarf;
				ENABLE_STRICT_OBJC_MSGSEND = YES;
				ENABLE_TESTABILITY = YES;
				GCC_C_LANGUAGE_STANDARD = gnu11;
				GCC_DYNAMIC_NO_PIC = NO;
				GCC_NO_COMMON_BLOCKS = YES;
				GCC_OPTIMIZATION_LEVEL = 0;
				GCC_PREPROCESSOR_DEFINITIONS = (
					"DEBUG=1",
					"$(inherited)",
				);
				GCC_WARN_64_TO_32_BIT_CONVERSION = YES;
				GCC_WARN_ABOUT_RETURN_TYPE = YES_ERROR;
				GCC_WARN_UNDECLARED_SELECTOR = YES;
				GCC_WARN_UNINITIALIZED_AUTOS = YES_AGGRESSIVE;
				GCC_WARN_UNUSED_FUNCTION = YES;
				GCC_WARN_UNUSED_VARIABLE = YES;
				IPHONEOS_DEPLOYMENT_TARGET = 15.2;
				MTL_ENABLE_DEBUG_INFO = INCLUDE_SOURCE;
				MTL_FAST_MATH = YES;
				ONLY_ACTIVE_ARCH = YES;
				SDKROOT = iphoneos;
				SWIFT_ACTIVE_COMPILATION_CONDITIONS = DEBUG;
				SWIFT_OPTIMIZATION_LEVEL = "-Onone";
			};
			name = Debug;
		};
		E189CFA22A10A3BE0069367E /* Release */ = {
			isa = XCBuildConfiguration;
			buildSettings = {
				ALWAYS_SEARCH_USER_PATHS = NO;
				CLANG_ANALYZER_NONNULL = YES;
				CLANG_ANALYZER_NUMBER_OBJECT_CONVERSION = YES_AGGRESSIVE;
				CLANG_CXX_LANGUAGE_STANDARD = "gnu++17";
				CLANG_CXX_LIBRARY = "libc++";
				CLANG_ENABLE_MODULES = YES;
				CLANG_ENABLE_OBJC_ARC = YES;
				CLANG_ENABLE_OBJC_WEAK = YES;
				CLANG_WARN_BLOCK_CAPTURE_AUTORELEASING = YES;
				CLANG_WARN_BOOL_CONVERSION = YES;
				CLANG_WARN_COMMA = YES;
				CLANG_WARN_CONSTANT_CONVERSION = YES;
				CLANG_WARN_DEPRECATED_OBJC_IMPLEMENTATIONS = YES;
				CLANG_WARN_DIRECT_OBJC_ISA_USAGE = YES_ERROR;
				CLANG_WARN_DOCUMENTATION_COMMENTS = YES;
				CLANG_WARN_EMPTY_BODY = YES;
				CLANG_WARN_ENUM_CONVERSION = YES;
				CLANG_WARN_INFINITE_RECURSION = YES;
				CLANG_WARN_INT_CONVERSION = YES;
				CLANG_WARN_NON_LITERAL_NULL_CONVERSION = YES;
				CLANG_WARN_OBJC_IMPLICIT_RETAIN_SELF = YES;
				CLANG_WARN_OBJC_LITERAL_CONVERSION = YES;
				CLANG_WARN_OBJC_ROOT_CLASS = YES_ERROR;
				CLANG_WARN_QUOTED_INCLUDE_IN_FRAMEWORK_HEADER = YES;
				CLANG_WARN_RANGE_LOOP_ANALYSIS = YES;
				CLANG_WARN_STRICT_PROTOTYPES = YES;
				CLANG_WARN_SUSPICIOUS_MOVE = YES;
				CLANG_WARN_UNGUARDED_AVAILABILITY = YES_AGGRESSIVE;
				CLANG_WARN_UNREACHABLE_CODE = YES;
				CLANG_WARN__DUPLICATE_METHOD_MATCH = YES;
				COPY_PHASE_STRIP = NO;
				DEBUG_INFORMATION_FORMAT = "dwarf-with-dsym";
				ENABLE_NS_ASSERTIONS = NO;
				ENABLE_STRICT_OBJC_MSGSEND = YES;
				GCC_C_LANGUAGE_STANDARD = gnu11;
				GCC_NO_COMMON_BLOCKS = YES;
				GCC_WARN_64_TO_32_BIT_CONVERSION = YES;
				GCC_WARN_ABOUT_RETURN_TYPE = YES_ERROR;
				GCC_WARN_UNDECLARED_SELECTOR = YES;
				GCC_WARN_UNINITIALIZED_AUTOS = YES_AGGRESSIVE;
				GCC_WARN_UNUSED_FUNCTION = YES;
				GCC_WARN_UNUSED_VARIABLE = YES;
				IPHONEOS_DEPLOYMENT_TARGET = 15.2;
				MTL_ENABLE_DEBUG_INFO = NO;
				MTL_FAST_MATH = YES;
				SDKROOT = iphoneos;
				SWIFT_COMPILATION_MODE = wholemodule;
				SWIFT_OPTIMIZATION_LEVEL = "-O";
				VALIDATE_PRODUCT = YES;
			};
			name = Release;
		};
		E189CFA42A10A3BE0069367E /* Debug */ = {
			isa = XCBuildConfiguration;
			buildSettings = {
				ASSETCATALOG_COMPILER_APPICON_NAME = AppIcon;
				ASSETCATALOG_COMPILER_GLOBAL_ACCENT_COLOR_NAME = AccentColor;
				CODE_SIGN_STYLE = Automatic;
				CURRENT_PROJECT_VERSION = 1;
				DEVELOPMENT_TEAM = 43KV8TWN42;
				GENERATE_INFOPLIST_FILE = YES;
				INFOPLIST_FILE = TicTacToe/Info.plist;
				INFOPLIST_KEY_UIApplicationSupportsIndirectInputEvents = YES;
				INFOPLIST_KEY_UILaunchStoryboardName = LaunchScreen;
				INFOPLIST_KEY_UIMainStoryboardFile = Main;
				INFOPLIST_KEY_UISupportedInterfaceOrientations_iPad = "UIInterfaceOrientationPortrait UIInterfaceOrientationPortraitUpsideDown UIInterfaceOrientationLandscapeLeft UIInterfaceOrientationLandscapeRight";
				INFOPLIST_KEY_UISupportedInterfaceOrientations_iPhone = "UIInterfaceOrientationPortrait UIInterfaceOrientationLandscapeLeft UIInterfaceOrientationLandscapeRight";
				LD_RUNPATH_SEARCH_PATHS = (
					"$(inherited)",
					"@executable_path/Frameworks",
				);
				MARKETING_VERSION = 1.0;
				PRODUCT_BUNDLE_IDENTIFIER = com.bloodregistry.mobile.TicTacToe;
				PRODUCT_NAME = "$(TARGET_NAME)";
				SWIFT_EMIT_LOC_STRINGS = YES;
				SWIFT_VERSION = 5.0;
				TARGETED_DEVICE_FAMILY = "1,2";
			};
			name = Debug;
		};
		E189CFA52A10A3BE0069367E /* Release */ = {
			isa = XCBuildConfiguration;
			buildSettings = {
				ASSETCATALOG_COMPILER_APPICON_NAME = AppIcon;
				ASSETCATALOG_COMPILER_GLOBAL_ACCENT_COLOR_NAME = AccentColor;
				CODE_SIGN_STYLE = Automatic;
				CURRENT_PROJECT_VERSION = 1;
				DEVELOPMENT_TEAM = 43KV8TWN42;
				GENERATE_INFOPLIST_FILE = YES;
				INFOPLIST_FILE = TicTacToe/Info.plist;
				INFOPLIST_KEY_UIApplicationSupportsIndirectInputEvents = YES;
				INFOPLIST_KEY_UILaunchStoryboardName = LaunchScreen;
				INFOPLIST_KEY_UIMainStoryboardFile = Main;
				INFOPLIST_KEY_UISupportedInterfaceOrientations_iPad = "UIInterfaceOrientationPortrait UIInterfaceOrientationPortraitUpsideDown UIInterfaceOrientationLandscapeLeft UIInterfaceOrientationLandscapeRight";
				INFOPLIST_KEY_UISupportedInterfaceOrientations_iPhone = "UIInterfaceOrientationPortrait UIInterfaceOrientationLandscapeLeft UIInterfaceOrientationLandscapeRight";
				LD_RUNPATH_SEARCH_PATHS = (
					"$(inherited)",
					"@executable_path/Frameworks",
				);
				MARKETING_VERSION = 1.0;
				PRODUCT_BUNDLE_IDENTIFIER = com.bloodregistry.mobile.TicTacToe;
				PRODUCT_NAME = "$(TARGET_NAME)";
				SWIFT_EMIT_LOC_STRINGS = YES;
				SWIFT_VERSION = 5.0;
				TARGETED_DEVICE_FAMILY = "1,2";
			};
			name = Release;
		};
		E189CFA72A10A3BE0069367E /* Debug */ = {
			isa = XCBuildConfiguration;
			buildSettings = {
				ALWAYS_EMBED_SWIFT_STANDARD_LIBRARIES = YES;
				BUNDLE_LOADER = "$(TEST_HOST)";
				CODE_SIGN_STYLE = Automatic;
				CURRENT_PROJECT_VERSION = 1;
				DEVELOPMENT_TEAM = 43KV8TWN42;
				GENERATE_INFOPLIST_FILE = YES;
				IPHONEOS_DEPLOYMENT_TARGET = 15.2;
				MARKETING_VERSION = 1.0;
				PRODUCT_BUNDLE_IDENTIFIER = com.bloodregistry.mobile.TicTacToeTests;
				PRODUCT_NAME = "$(TARGET_NAME)";
				SWIFT_EMIT_LOC_STRINGS = NO;
				SWIFT_VERSION = 5.0;
				TARGETED_DEVICE_FAMILY = "1,2";
				TEST_HOST = "$(BUILT_PRODUCTS_DIR)/TicTacToe.app/TicTacToe";
			};
			name = Debug;
		};
		E189CFA82A10A3BE0069367E /* Release */ = {
			isa = XCBuildConfiguration;
			buildSettings = {
				ALWAYS_EMBED_SWIFT_STANDARD_LIBRARIES = YES;
				BUNDLE_LOADER = "$(TEST_HOST)";
				CODE_SIGN_STYLE = Automatic;
				CURRENT_PROJECT_VERSION = 1;
				DEVELOPMENT_TEAM = 43KV8TWN42;
				GENERATE_INFOPLIST_FILE = YES;
				IPHONEOS_DEPLOYMENT_TARGET = 15.2;
				MARKETING_VERSION = 1.0;
				PRODUCT_BUNDLE_IDENTIFIER = com.bloodregistry.mobile.TicTacToeTests;
				PRODUCT_NAME = "$(TARGET_NAME)";
				SWIFT_EMIT_LOC_STRINGS = NO;
				SWIFT_VERSION = 5.0;
				TARGETED_DEVICE_FAMILY = "1,2";
				TEST_HOST = "$(BUILT_PRODUCTS_DIR)/TicTacToe.app/TicTacToe";
			};
			name = Release;
		};
		E189CFAA2A10A3BE0069367E /* Debug */ = {
			isa = XCBuildConfiguration;
			buildSettings = {
				ALWAYS_EMBED_SWIFT_STANDARD_LIBRARIES = YES;
				CODE_SIGN_STYLE = Automatic;
				CURRENT_PROJECT_VERSION = 1;
				DEVELOPMENT_TEAM = 43KV8TWN42;
				GENERATE_INFOPLIST_FILE = YES;
				MARKETING_VERSION = 1.0;
				PRODUCT_BUNDLE_IDENTIFIER = com.bloodregistry.mobile.TicTacToeUITests;
				PRODUCT_NAME = "$(TARGET_NAME)";
				SWIFT_EMIT_LOC_STRINGS = NO;
				SWIFT_VERSION = 5.0;
				TARGETED_DEVICE_FAMILY = "1,2";
				TEST_TARGET_NAME = TicTacToe;
			};
			name = Debug;
		};
		E189CFAB2A10A3BE0069367E /* Release */ = {
			isa = XCBuildConfiguration;
			buildSettings = {
				ALWAYS_EMBED_SWIFT_STANDARD_LIBRARIES = YES;
				CODE_SIGN_STYLE = Automatic;
				CURRENT_PROJECT_VERSION = 1;
				DEVELOPMENT_TEAM = 43KV8TWN42;
				GENERATE_INFOPLIST_FILE = YES;
				MARKETING_VERSION = 1.0;
				PRODUCT_BUNDLE_IDENTIFIER = com.bloodregistry.mobile.TicTacToeUITests;
				PRODUCT_NAME = "$(TARGET_NAME)";
				SWIFT_EMIT_LOC_STRINGS = NO;
				SWIFT_VERSION = 5.0;
				TARGETED_DEVICE_FAMILY = "1,2";
				TEST_TARGET_NAME = TicTacToe;
			};
			name = Release;
		};
/* End XCBuildConfiguration section */

/* Begin XCConfigurationList section */
		E189CF742A10A3AC0069367E /* Build configuration list for PBXProject "TicTacToe" */ = {
			isa = XCConfigurationList;
			buildConfigurations = (
				E189CFA12A10A3BE0069367E /* Debug */,
				E189CFA22A10A3BE0069367E /* Release */,
			);
			defaultConfigurationIsVisible = 0;
			defaultConfigurationName = Release;
		};
		E189CFA32A10A3BE0069367E /* Build configuration list for PBXNativeTarget "TicTacToe" */ = {
			isa = XCConfigurationList;
			buildConfigurations = (
				E189CFA42A10A3BE0069367E /* Debug */,
				E189CFA52A10A3BE0069367E /* Release */,
			);
			defaultConfigurationIsVisible = 0;
			defaultConfigurationName = Release;
		};
		E189CFA62A10A3BE0069367E /* Build configuration list for PBXNativeTarget "TicTacToeTests" */ = {
			isa = XCConfigurationList;
			buildConfigurations = (
				E189CFA72A10A3BE0069367E /* Debug */,
				E189CFA82A10A3BE0069367E /* Release */,
			);
			defaultConfigurationIsVisible = 0;
			defaultConfigurationName = Release;
		};
		E189CFA92A10A3BE0069367E /* Build configuration list for PBXNativeTarget "TicTacToeUITests" */ = {
			isa = XCConfigurationList;
			buildConfigurations = (
				E189CFAA2A10A3BE0069367E /* Debug */,
				E189CFAB2A10A3BE0069367E /* Release */,
			);
			defaultConfigurationIsVisible = 0;
			defaultConfigurationName = Release;
		};
/* End XCConfigurationList section */
	};
	rootObject = E189CF712A10A3AC0069367E /* Project object */;
}
